# THIS IS AN AUTOGENERATED FILE. DO NOT EDIT THIS FILE DIRECTLY.
# yarn lockfile v1


"@types/node@^15.3.1":
  version "15.3.1"
  resolved "https://registry.nlark.com/@types/node/download/@types/node-15.3.1.tgz?cache=0&sync_timestamp=1621463710889&other_urls=https%3A%2F%2Fregistry.nlark.com%2F%40types%2Fnode%2Fdownload%2F%40types%2Fnode-15.3.1.tgz#23a06b87eedb524016616e886b116b8fdcb180af"
  integrity sha1-I6Brh+7bUkAWYW6IaxFrj9yxgK8=

log-prefix@0.1.1:
  version "0.1.1"
  resolved "https://registry.npm.taobao.org/log-prefix/download/log-prefix-0.1.1.tgz#3ec492138c8044c9f9732298492dca87850cac90"
  integrity sha1-PsSSE4yARMn5cyKYSS3Kh4UMrJA=

log-timestamp@^0.3.0:
  version "0.3.0"
  resolved "https://registry.npm.taobao.org/log-timestamp/download/log-timestamp-0.3.0.tgz#2e10f1f0db872674ef3ecf53d6a312840acae45f"
  integrity sha1-LhDx8NuHJnTvPs9T1qMShArK5F8=
  dependencies:
    log-prefix "0.1.1"
